// !$*UTF8*$!
{
	archiveVersion = 1;
	classes = {
	};
	objectVersion = 48;
	objects = {

/* Begin PBXBuildFile section */
		7FCF6AFC2004097C007A3BED /* AppDelegate.swift in Sources */ = {isa = PBXBuildFile; fileRef = 7FCF6AFB2004097C007A3BED /* AppDelegate.swift */; };
		7FCF6AFE2004097C007A3BED /* ViewController.swift in Sources */ = {isa = PBXBuildFile; fileRef = 7FCF6AFD2004097C007A3BED /* ViewController.swift */; };
		7FCF6B012004097C007A3BED /* Main.storyboard in Resources */ = {isa = PBXBuildFile; fileRef = 7FCF6AFF2004097C007A3BED /* Main.storyboard */; };
		7FCF6B032004097C007A3BED /* Assets.xcassets in Resources */ = {isa = PBXBuildFile; fileRef = 7FCF6B022004097C007A3BED /* Assets.xcassets */; };
		7FCF6B062004097C007A3BED /* LaunchScreen.storyboard in Resources */ = {isa = PBXBuildFile; fileRef = 7FCF6B042004097C007A3BED /* LaunchScreen.storyboard */; };
		7FCF6B112004097C007A3BED /* HackwichOneTests.swift in Sources */ = {isa = PBXBuildFile; fileRef = 7FCF6B102004097C007A3BED /* HackwichOneTests.swift */; };
		7FCF6B1C2004097C007A3BED /* HackwichOneUITests.swift in Sources */ = {isa = PBXBuildFile; fileRef = 7FCF6B1B2004097C007A3BED /* HackwichOneUITests.swift */; };
/* End PBXBuildFile section */

/* Begin PBXContainerItemProxy section */
		7FCF6B0D2004097C007A3BED /* PBXContainerItemProxy */ = {
			isa = PBXContainerItemProxy;
			containerPortal = 7FCF6AF02004097C007A3BED /* Project object */;
			proxyType = 1;
			remoteGlobalIDString = 7FCF6AF72004097C007A3BED;
			remoteInfo = HackwichOne;
		};
		7FCF6B182004097C007A3BED /* PBXContainerItemProxy */ = {
			isa = PBXContainerItemProxy;
			containerPortal = 7FCF6AF02004097C007A3BED /* Project object */;
			proxyType = 1;
			remoteGlobalIDString = 7FCF6AF72004097C007A3BED;
			remoteInfo = HackwichOne;
		};
/* End PBXContainerItemProxy section */

/* Begin PBXFileReference section */
		7FCF6AF82004097C007A3BED /* HackwichOne.app */ = {isa = PBXFileReference; explicitFileType = wrapper.application; includeInIndex = 0; path = HackwichOne.app; sourceTree = BUILT_PRODUCTS_DIR; };
		7FCF6AFB2004097C007A3BED /* AppDelegate.swift */ = {isa = PBXFileReference; lastKnownFileType = sourcecode.swift; path = AppDelegate.swift; sourceTree = "<group>"; };
		7FCF6AFD2004097C007A3BED /* ViewController.swift */ = {isa = PBXFileReference; lastKnownFileType = sourcecode.swift; path = ViewController.swift; sourceTree = "<group>"; };
		7FCF6B002004097C007A3BED /* Base */ = {isa = PBXFileReference; lastKnownFileType = file.storyboard; name = Base; path = Base.lproj/Main.storyboard; sourceTree = "<group>"; };
		7FCF6B022004097C007A3BED /* Assets.xcassets */ = {isa = PBXFileReference; lastKnownFileType = folder.assetcatalog; path = Assets.xcassets; sourceTree = "<group>"; };
		7FCF6B052004097C007A3BED /* Base */ = {isa = PBXFileReference; lastKnownFileType = file.storyboard; name = Base; path = Base.lproj/LaunchScreen.storyboard; sourceTree = "<group>"; };
		7FCF6B072004097C007A3BED /* Info.plist */ = {isa = PBXFileReference; lastKnownFileType = text.plist.xml; path = Info.plist; sourceTree = "<group>"; };
		7FCF6B0C2004097C007A3BED /* HackwichOneTests.xctest */ = {isa = PBXFileReference; explicitFileType = wrapper.cfbundle; includeInIndex = 0; path = HackwichOneTests.xctest; sourceTree = BUILT_PRODUCTS_DIR; };
		7FCF6B102004097C007A3BED /* HackwichOneTests.swift */ = {isa = PBXFileReference; lastKnownFileType = sourcecode.swift; path = HackwichOneTests.swift; sourceTree = "<group>"; };
		7FCF6B122004097C007A3BED /* Info.plist */ = {isa = PBXFileReference; lastKnownFileType = text.plist.xml; path = Info.plist; sourceTree = "<group>"; };
		7FCF6B172004097C007A3BED /* HackwichOneUITests.xctest */ = {isa = PBXFileReference; explicitFileType = wrapper.cfbundle; includeInIndex = 0; path = HackwichOneUITests.xctest; sourceTree = BUILT_PRODUCTS_DIR; };
		7FCF6B1B2004097C007A3BED /* HackwichOneUITests.swift */ = {isa = PBXFileReference; lastKnownFileType = sourcecode.swift; path = HackwichOneUITests.swift; sourceTree = "<group>"; };
		7FCF6B1D2004097C007A3BED /* Info.plist */ = {isa = PBXFileReference; lastKnownFileType = text.plist.xml; path = Info.plist; sourceTree = "<group>"; };
/* End PBXFileReference section */

/* Begin PBXFrameworksBuildPhase section */
		7FCF6AF52004097C007A3BED /* Frameworks */ = {
			isa = PBXFrameworksBuildPhase;
			buildActionMask = 2147483647;
			files = (
			);
			runOnlyForDeploymentPostprocessing = 0;
		};
		7FCF6B092004097C007A3BED /* Frameworks */ = {
			isa = PBXFrameworksBuildPhase;
			buildActionMask = 2147483647;
			files = (
			);
			runOnlyForDeploymentPostprocessing = 0;
		};
		7FCF6B142004097C007A3BED /* Frameworks */ = {
			isa = PBXFrameworksBuildPhase;
			buildActionMask = 2147483647;
			files = (
			);
			runOnlyForDeploymentPostprocessing = 0;
		};
/* End PBXFrameworksBuildPhase section */

/* Begin PBXGroup section */
		7FCF6AEF2004097C007A3BED = {
			isa = PBXGroup;
			children = (
				7FCF6AFA2004097C007A3BED /* HackwichOne */,
				7FCF6B0F2004097C007A3BED /* HackwichOneTests */,
				7FCF6B1A2004097C007A3BED /* HackwichOneUITests */,
				7FCF6AF92004097C007A3BED /* Products */,
			);
			sourceTree = "<group>";
		};
		7FCF6AF92004097C007A3BED /* Products */ = {
			isa = PBXGroup;
			children = (
				7FCF6AF82004097C007A3BED /* HackwichOne.app */,
				7FCF6B0C2004097C007A3BED /* HackwichOneTests.xctest */,
				7FCF6B172004097C007A3BED /* HackwichOneUITests.xctest */,
			);
			name = Products;
			sourceTree = "<group>";
		};
		7FCF6AFA2004097C007A3BED /* HackwichOne */ = {
			isa = PBXGroup;
			children = (
				7FCF6AFB2004097C007A3BED /* AppDelegate.swift */,
				7FCF6AFD2004097C007A3BED /* ViewController.swift */,
				7FCF6AFF2004097C007A3BED /* Main.storyboard */,
				7FCF6B022004097C007A3BED /* Assets.xcassets */,
				7FCF6B042004097C007A3BED /* LaunchScreen.storyboard */,
				7FCF6B072004097C007A3BED /* Info.plist */,
			);
			path = HackwichOne;
			sourceTree = "<group>";
		};
		7FCF6B0F2004097C007A3BED /* HackwichOneTests */ = {
			isa = PBXGroup;
			children = (
				7FCF6B102004097C007A3BED /* HackwichOneTests.swift */,
				7FCF6B122004097C007A3BED /* Info.plist */,
			);
			path = HackwichOneTests;
			sourceTree = "<group>";
		};
		7FCF6B1A2004097C007A3BED /* HackwichOneUITests */ = {
			isa = PBXGroup;
			children = (
				7FCF6B1B2004097C007A3BED /* HackwichOneUITests.swift */,
				7FCF6B1D2004097C007A3BED /* Info.plist */,
			);
			path = HackwichOneUITests;
			sourceTree = "<group>";
		};
/* End PBXGroup section */

/* Begin PBXNativeTarget section */
		7FCF6AF72004097C007A3BED /* HackwichOne */ = {
			isa = PBXNativeTarget;
			buildConfigurationList = 7FCF6B202004097C007A3BED /* Build configuration list for PBXNativeTarget "HackwichOne" */;
			buildPhases = (
				7FCF6AF42004097C007A3BED /* Sources */,
				7FCF6AF52004097C007A3BED /* Frameworks */,
				7FCF6AF62004097C007A3BED /* Resources */,
			);
			buildRules = (
			);
			dependencies = (
			);
			name = HackwichOne;
			productName = HackwichOne;
			productReference = 7FCF6AF82004097C007A3BED /* HackwichOne.app */;
			productType = "com.apple.product-type.application";
		};
		7FCF6B0B2004097C007A3BED /* HackwichOneTests */ = {
			isa = PBXNativeTarget;
			buildConfigurationList = 7FCF6B232004097C007A3BED /* Build configuration list for PBXNativeTarget "HackwichOneTests" */;
			buildPhases = (
				7FCF6B082004097C007A3BED /* Sources */,
				7FCF6B092004097C007A3BED /* Frameworks */,
				7FCF6B0A2004097C007A3BED /* Resources */,
			);
			buildRules = (
			);
			dependencies = (
				7FCF6B0E2004097C007A3BED /* PBXTargetDependency */,
			);
			name = HackwichOneTests;
			productName = HackwichOneTests;
			productReference = 7FCF6B0C2004097C007A3BED /* HackwichOneTests.xctest */;
			productType = "com.apple.product-type.bundle.unit-test";
		};
		7FCF6B162004097C007A3BED /* HackwichOneUITests */ = {
			isa = PBXNativeTarget;
			buildConfigurationList = 7FCF6B262004097C007A3BED /* Build configuration list for PBXNativeTarget "HackwichOneUITests" */;
			buildPhases = (
				7FCF6B132004097C007A3BED /* Sources */,
				7FCF6B142004097C007A3BED /* Frameworks */,
				7FCF6B152004097C007A3BED /* Resources */,
			);
			buildRules = (
			);
			dependencies = (
				7FCF6B192004097C007A3BED /* PBXTargetDependency */,
			);
			name = HackwichOneUITests;
			productName = HackwichOneUITests;
			productReference = 7FCF6B172004097C007A3BED /* HackwichOneUITests.xctest */;
			productType = "com.apple.product-type.bundle.ui-testing";
		};
/* End PBXNativeTarget section */

/* Begin PBXProject section */
		7FCF6AF02004097C007A3BED /* Project object */ = {
			isa = PBXProject;
			attributes = {
				LastSwiftUpdateCheck = 0920;
				LastUpgradeCheck = 0920;
				ORGANIZATIONNAME = "CM Student";
				TargetAttributes = {
					7FCF6AF72004097C007A3BED = {
						CreatedOnToolsVersion = 9.2;
						ProvisioningStyle = Automatic;
					};
					7FCF6B0B2004097C007A3BED = {
						CreatedOnToolsVersion = 9.2;
						ProvisioningStyle = Automatic;
						TestTargetID = 7FCF6AF72004097C007A3BED;
					};
					7FCF6B162004097C007A3BED = {
						CreatedOnToolsVersion = 9.2;
						ProvisioningStyle = Automatic;
						TestTargetID = 7FCF6AF72004097C007A3BED;
					};
				};
			};
			buildConfigurationList = 7FCF6AF32004097C007A3BED /* Build configuration list for PBXProject "HackwichOne" */;
			compatibilityVersion = "Xcode 8.0";
			developmentRegion = en;
			hasScannedForEncodings = 0;
			knownRegions = (
				en,
				Base,
			);
			mainGroup = 7FCF6AEF2004097C007A3BED;
			productRefGroup = 7FCF6AF92004097C007A3BED /* Products */;
			projectDirPath = "";
			projectRoot = "";
			targets = (
				7FCF6AF72004097C007A3BED /* HackwichOne */,
				7FCF6B0B2004097C007A3BED /* HackwichOneTests */,
				7FCF6B162004097C007A3BED /* HackwichOneUITests */,
			);
		};
/* End PBXProject section */

/* Begin PBXResourcesBuildPhase section */
		7FCF6AF62004097C007A3BED /* Resources */ = {
			isa = PBXResourcesBuildPhase;
			buildActionMask = 2147483647;
			files = (
				7FCF6B062004097C007A3BED /* LaunchScreen.storyboard in Resources */,
				7FCF6B032004097C007A3BED /* Assets.xcassets in Resources */,
				7FCF6B012004097C007A3BED /* Main.storyboard in Resources */,
			);
			runOnlyForDeploymentPostprocessing = 0;
		};
		7FCF6B0A2004097C007A3BED /* Resources */ = {
			isa = PBXResourcesBuildPhase;
			buildActionMask = 2147483647;
			files = (
			);
			runOnlyForDeploymentPostprocessing = 0;
		};
		7FCF6B152004097C007A3BED /* Resources */ = {
			isa = PBXResourcesBuildPhase;
			buildActionMask = 2147483647;
			files = (
			);
			runOnlyForDeploymentPostprocessing = 0;
		};
/* End PBXResourcesBuildPhase section */

/* Begin PBXSourcesBuildPhase section */
		7FCF6AF42004097C007A3BED /* Sources */ = {
			isa = PBXSourcesBuildPhase;
			buildActionMask = 2147483647;
			files = (
				7FCF6AFE2004097C007A3BED /* ViewController.swift in Sources */,
				7FCF6AFC2004097C007A3BED /* AppDelegate.swift in Sources */,
			);
			runOnlyForDeploymentPostprocessing = 0;
		};
		7FCF6B082004097C007A3BED /* Sources */ = {
			isa = PBXSourcesBuildPhase;
			buildActionMask = 2147483647;
			files = (
				7FCF6B112004097C007A3BED /* HackwichOneTests.swift in Sources */,
			);
			runOnlyForDeploymentPostprocessing = 0;
		};
		7FCF6B132004097C007A3BED /* Sources */ = {
			isa = PBXSourcesBuildPhase;
			buildActionMask = 2147483647;
			files = (
				7FCF6B1C2004097C007A3BED /* HackwichOneUITests.swift in Sources */,
			);
			runOnlyForDeploymentPostprocessing = 0;
		};
/* End PBXSourcesBuildPhase section */

/* Begin PBXTargetDependency section */
		7FCF6B0E2004097C007A3BED /* PBXTargetDependency */ = {
			isa = PBXTargetDependency;
			target = 7FCF6AF72004097C007A3BED /* HackwichOne */;
			targetProxy = 7FCF6B0D2004097C007A3BED /* PBXContainerItemProxy */;
		};
		7FCF6B192004097C007A3BED /* PBXTargetDependency */ = {
			isa = PBXTargetDependency;
			target = 7FCF6AF72004097C007A3BED /* HackwichOne */;
			targetProxy = 7FCF6B182004097C007A3BED /* PBXContainerItemProxy */;
		};
/* End PBXTargetDependency section */

/* Begin PBXVariantGroup section */
		7FCF6AFF2004097C007A3BED /* Main.storyboard */ = {
			isa = PBXVariantGroup;
			children = (
				7FCF6B002004097C007A3BED /* Base */,
			);
			name = Main.storyboard;
			sourceTree = "<group>";
		};
		7FCF6B042004097C007A3BED /* LaunchScreen.storyboard */ = {
			isa = PBXVariantGroup;
			children = (
				7FCF6B052004097C007A3BED /* Base */,
			);
			name = LaunchScreen.storyboard;
			sourceTree = "<group>";
		};
/* End PBXVariantGroup section */

/* Begin XCBuildConfiguration section */
		7FCF6B1E2004097C007A3BED /* Debug */ = {
			isa = XCBuildConfiguration;
			buildSettings = {
				ALWAYS_SEARCH_USER_PATHS = NO;
				CLANG_ANALYZER_NONNULL = YES;
				CLANG_ANALYZER_NUMBER_OBJECT_CONVERSION = YES_AGGRESSIVE;
				CLANG_CXX_LANGUAGE_STANDARD = "gnu++14";
				CLANG_CXX_LIBRARY = "libc++";
				CLANG_ENABLE_MODULES = YES;
				CLANG_ENABLE_OBJC_ARC = YES;
				CLANG_WARN_BLOCK_CAPTURE_AUTORELEASING = YES;
				CLANG_WARN_BOOL_CONVERSION = YES;
				CLANG_WARN_COMMA = YES;
				CLANG_WARN_CONSTANT_CONVERSION = YES;
				CLANG_WARN_DIRECT_OBJC_ISA_USAGE = YES_ERROR;
				CLANG_WARN_DOCUMENTATION_COMMENTS = YES;
				CLANG_WARN_EMPTY_BODY = YES;
				CLANG_WARN_ENUM_CONVERSION = YES;
				CLANG_WARN_INFINITE_RECURSION = YES;
				CLANG_WARN_INT_CONVERSION = YES;
				CLANG_WARN_NON_LITERAL_NULL_CONVERSION = YES;
				CLANG_WARN_OBJC_LITERAL_CONVERSION = YES;
				CLANG_WARN_OBJC_ROOT_CLASS = YES_ERROR;
				CLANG_WARN_RANGE_LOOP_ANALYSIS = YES;
				CLANG_WARN_STRICT_PROTOTYPES = YES;
				CLANG_WARN_SUSPICIOUS_MOVE = YES;
				CLANG_WARN_UNGUARDED_AVAILABILITY = YES_AGGRESSIVE;
				CLANG_WARN_UNREACHABLE_CODE = YES;
				CLANG_WARN__DUPLICATE_METHOD_MATCH = YES;
				CODE_SIGN_IDENTITY = "iPhone Developer";
				COPY_PHASE_STRIP = NO;
				DEBUG_INFORMATION_FORMAT = dwarf;
				ENABLE_STRICT_OBJC_MSGSEND = YES;
				ENABLE_TESTABILITY = YES;
				GCC_C_LANGUAGE_STANDARD = gnu11;
				GCC_DYNAMIC_NO_PIC = NO;
				GCC_NO_COMMON_BLOCKS = YES;
				GCC_OPTIMIZATION_LEVEL = 0;
				GCC_PREPROCESSOR_DEFINITIONS = (
					"DEBUG=1",
					"$(inherited)",
				);
				GCC_WARN_64_TO_32_BIT_CONVERSION = YES;
				GCC_WARN_ABOUT_RETURN_TYPE = YES_ERROR;
				GCC_WARN_UNDECLARED_SELECTOR = YES;
				GCC_WARN_UNINITIALIZED_AUTOS = YES_AGGRESSIVE;
				GCC_WARN_UNUSED_FUNCTION = YES;
				GCC_WARN_UNUSED_VARIABLE = YES;
				IPHONEOS_DEPLOYMENT_TARGET = 11.2;
				MTL_ENABLE_DEBUG_INFO = YES;
				ONLY_ACTIVE_ARCH = YES;
				SDKROOT = iphoneos;
				SWIFT_ACTIVE_COMPILATION_CONDITIONS = DEBUG;
				SWIFT_OPTIMIZATION_LEVEL = "-Onone";
			};
			name = Debug;
		};
		7FCF6B1F2004097C007A3BED /* Release */ = {
			isa = XCBuildConfiguration;
			buildSettings = {
				ALWAYS_SEARCH_USER_PATHS = NO;
				CLANG_ANALYZER_NONNULL = YES;
				CLANG_ANALYZER_NUMBER_OBJECT_CONVERSION = YES_AGGRESSIVE;
				CLANG_CXX_LANGUAGE_STANDARD = "gnu++14";
				CLANG_CXX_LIBRARY = "libc++";
				CLANG_ENABLE_MODULES = YES;
				CLANG_ENABLE_OBJC_ARC = YES;
				CLANG_WARN_BLOCK_CAPTURE_AUTORELEASING = YES;
				CLANG_WARN_BOOL_CONVERSION = YES;
				CLANG_WARN_COMMA = YES;
				CLANG_WARN_CONSTANT_CONVERSION = YES;
				CLANG_WARN_DIRECT_OBJC_ISA_USAGE = YES_ERROR;
				CLANG_WARN_DOCUMENTATION_COMMENTS = YES;
				CLANG_WARN_EMPTY_BODY = YES;
				CLANG_WARN_ENUM_CONVERSION = YES;
				CLANG_WARN_INFINITE_RECURSION = YES;
				CLANG_WARN_INT_CONVERSION = YES;
				CLANG_WARN_NON_LITERAL_NULL_CONVERSION = YES;
				CLANG_WARN_OBJC_LITERAL_CONVERSION = YES;
				CLANG_WARN_OBJC_ROOT_CLASS = YES_ERROR;
				CLANG_WARN_RANGE_LOOP_ANALYSIS = YES;
				CLANG_WARN_STRICT_PROTOTYPES = YES;
				CLANG_WARN_SUSPICIOUS_MOVE = YES;
				CLANG_WARN_UNGUARDED_AVAILABILITY = YES_AGGRESSIVE;
				CLANG_WARN_UNREACHABLE_CODE = YES;
				CLANG_WARN__DUPLICATE_METHOD_MATCH = YES;
				CODE_SIGN_IDENTITY = "iPhone Developer";
				COPY_PHASE_STRIP = NO;
				DEBUG_INFORMATION_FORMAT = "dwarf-with-dsym";
				ENABLE_NS_ASSERTIONS = NO;
				ENABLE_STRICT_OBJC_MSGSEND = YES;
				GCC_C_LANGUAGE_STANDARD = gnu11;
				GCC_NO_COMMON_BLOCKS = YES;
				GCC_WARN_64_TO_32_BIT_CONVERSION = YES;
				GCC_WARN_ABOUT_RETURN_TYPE = YES_ERROR;
				GCC_WARN_UNDECLARED_SELECTOR = YES;
				GCC_WARN_UNINITIALIZED_AUTOS = YES_AGGRESSIVE;
				GCC_WARN_UNUSED_FUNCTION = YES;
				GCC_WARN_UNUSED_VARIABLE = YES;
				IPHONEOS_DEPLOYMENT_TARGET = 11.2;
				MTL_ENABLE_DEBUG_INFO = NO;
				SDKROOT = iphoneos;
				SWIFT_OPTIMIZATION_LEVEL = "-Owholemodule";
				VALIDATE_PRODUCT = YES;
			};
			name = Release;
		};
		7FCF6B212004097C007A3BED /* Debug */ = {
			isa = XCBuildConfiguration;
			buildSettings = {
				ASSETCATALOG_COMPILER_APPICON_NAME = AppIcon;
				CODE_SIGN_STYLE = Automatic;
				INFOPLIST_FILE = HackwichOne/Info.plist;
				LD_RUNPATH_SEARCH_PATHS = "$(inherited) @executable_path/Frameworks";
				PRODUCT_BUNDLE_IDENTIFIER = UHWO.HackwichOne;
				PRODUCT_NAME = "$(TARGET_NAME)";
				SWIFT_VERSION = 4.0;
				TARGETED_DEVICE_FAMILY = "1,2";
			};
			name = Debug;
		};
		7FCF6B222004097C007A3BED /* Release */ = {
			isa = XCBuildConfiguration;
			buildSettings = {
				ASSETCATALOG_COMPILER_APPICON_NAME = AppIcon;
				CODE_SIGN_STYLE = Automatic;
				INFOPLIST_FILE = HackwichOne/Info.plist;
				LD_RUNPATH_SEARCH_PATHS = "$(inherited) @executable_path/Frameworks";
				PRODUCT_BUNDLE_IDENTIFIER = UHWO.HackwichOne;
				PRODUCT_NAME = "$(TARGET_NAME)";
				SWIFT_VERSION = 4.0;
				TARGETED_DEVICE_FAMILY = "1,2";
			};
			name = Release;
		};
		7FCF6B242004097C007A3BED /* Debug */ = {
			isa = XCBuildConfiguration;
			buildSettings = {
				ALWAYS_EMBED_SWIFT_STANDARD_LIBRARIES = YES;
				BUNDLE_LOADER = "$(TEST_HOST)";
				CODE_SIGN_STYLE = Automatic;
				INFOPLIST_FILE = HackwichOneTests/Info.plist;
				LD_RUNPATH_SEARCH_PATHS = "$(inherited) @executable_path/Frameworks @loader_path/Frameworks";
				PRODUCT_BUNDLE_IDENTIFIER = UHWO.HackwichOneTests;
				PRODUCT_NAME = "$(TARGET_NAME)";
				SWIFT_VERSION = 4.0;
				TARGETED_DEVICE_FAMILY = "1,2";
				TEST_HOST = "$(BUILT_PRODUCTS_DIR)/HackwichOne.app/HackwichOne";
			};
			name = Debug;
		};
		7FCF6B252004097C007A3BED /* Release */ = {
			isa = XCBuildConfiguration;
			buildSettings = {
				ALWAYS_EMBED_SWIFT_STANDARD_LIBRARIES = YES;
				BUNDLE_LOADER = "$(TEST_HOST)";
				CODE_SIGN_STYLE = Automatic;
				INFOPLIST_FILE = HackwichOneTests/Info.plist;
				LD_RUNPATH_SEARCH_PATHS = "$(inherited) @executable_path/Frameworks @loader_path/Frameworks";
				PRODUCT_BUNDLE_IDENTIFIER = UHWO.HackwichOneTests;
				PRODUCT_NAME = "$(TARGET_NAME)";
				SWIFT_VERSION = 4.0;
				TARGETED_DEVICE_FAMILY = "1,2";
				TEST_HOST = "$(BUILT_PRODUCTS_DIR)/HackwichOne.app/HackwichOne";
			};
			name = Release;
		};
		7FCF6B272004097C007A3BED /* Debug */ = {
			isa = XCBuildConfiguration;
			buildSettings = {
				ALWAYS_EMBED_SWIFT_STANDARD_LIBRARIES = YES;
				CODE_SIGN_STYLE = Automatic;
				INFOPLIST_FILE = HackwichOneUITests/Info.plist;
				LD_RUNPATH_SEARCH_PATHS = "$(inherited) @executable_path/Frameworks @loader_path/Frameworks";
				PRODUCT_BUNDLE_IDENTIFIER = UHWO.HackwichOneUITests;
				PRODUCT_NAME = "$(TARGET_NAME)";
				SWIFT_VERSION = 4.0;
				TARGETED_DEVICE_FAMILY = "1,2";
				TEST_TARGET_NAME = HackwichOne;
			};
			name = Debug;
		};
		7FCF6B282004097C007A3BED /* Release */ = {
			isa = XCBuildConfiguration;
			buildSettings = {
				ALWAYS_EMBED_SWIFT_STANDARD_LIBRARIES = YES;
				CODE_SIGN_STYLE = Automatic;
				INFOPLIST_FILE = HackwichOneUITests/Info.plist;
				LD_RUNPATH_SEARCH_PATHS = "$(inherited) @executable_path/Frameworks @loader_path/Frameworks";
				PRODUCT_BUNDLE_IDENTIFIER = UHWO.HackwichOneUITests;
				PRODUCT_NAME = "$(TARGET_NAME)";
				SWIFT_VERSION = 4.0;
				TARGETED_DEVICE_FAMILY = "1,2";
				TEST_TARGET_NAME = HackwichOne;
			};
			name = Release;
		};
/* End XCBuildConfiguration section */

/* Begin XCConfigurationList section */
		7FCF6AF32004097C007A3BED /* Build configuration list for PBXProject "HackwichOne" */ = {
			isa = XCConfigurationList;
			buildConfigurations = (
				7FCF6B1E2004097C007A3BED /* Debug */,
				7FCF6B1F2004097C007A3BED /* Release */,
			);
			defaultConfigurationIsVisible = 0;
			defaultConfigurationName = Release;
		};
		7FCF6B202004097C007A3BED /* Build configuration list for PBXNativeTarget "HackwichOne" */ = {
			isa = XCConfigurationList;
			buildConfigurations = (
				7FCF6B212004097C007A3BED /* Debug */,
				7FCF6B222004097C007A3BED /* Release */,
			);
			defaultConfigurationIsVisible = 0;
			defaultConfigurationName = Release;
		};
		7FCF6B232004097C007A3BED /* Build configuration list for PBXNativeTarget "HackwichOneTests" */ = {
			isa = XCConfigurationList;
			buildConfigurations = (
				7FCF6B242004097C007A3BED /* Debug */,
				7FCF6B252004097C007A3BED /* Release */,
			);
			defaultConfigurationIsVisible = 0;
			defaultConfigurationName = Release;
		};
		7FCF6B262004097C007A3BED /* Build configuration list for PBXNativeTarget "HackwichOneUITests" */ = {
			isa = XCConfigurationList;
			buildConfigurations = (
				7FCF6B272004097C007A3BED /* Debug */,
				7FCF6B282004097C007A3BED /* Release */,
			);
			defaultConfigurationIsVisible = 0;
			defaultConfigurationName = Release;
		};
/* End XCConfigurationList section */
	};
	rootObject = 7FCF6AF02004097C007A3BED /* Project object */;
}
